
Microsoft Visual Studio Solution File, Format Version 12.00
# Visual Studio Version 17
VisualStudioVersion = 17.14.36212.18 d17.14
MinimumVisualStudioVersion = 10.0.40219.1
Project("{FAE04EC0-301F-11D3-BF4B-00C04F79EFBC}") = "SimRedis", "SimRedis.csproj", "{A7491341-2FA6-412E-882E-0047FED222BC}"
EndProject
Global
	GlobalSection(SolutionConfigurationPlatforms) = preSolution
		Debug|Any CPU = Debug|Any CPU
		Release|Any CPU = Release|Any CPU
	EndGlobalSection
	GlobalSection(ProjectConfigurationPlatforms) = postSolution
		{A7491341-2FA6-412E-882E-0047FED222BC}.Debug|Any CPU.ActiveCfg = Debug|Any CPU
		{A7491341-2FA6-412E-882E-0047FED222BC}.Debug|Any CPU.Build.0 = Debug|Any CPU
		{A7491341-2FA6-412E-882E-0047FED222BC}.Release|Any CPU.ActiveCfg = Release|Any CPU
		{A7491341-2FA6-412E-882E-0047FED222BC}.Release|Any CPU.Build.0 = Release|Any CPU
	EndGlobalSection
	GlobalSection(SolutionProperties) = preSolution
		HideSolutionNode = FALSE
	EndGlobalSection
	GlobalSection(ExtensibilityGlobals) = postSolution
		SolutionGuid = {A3F500F4-CF9E-4B24-AE2C-A9353D61BAF3}
	EndGlobalSection
EndGlobal
